// !$*UTF8*$!
{
	archiveVersion = 1;
	classes = {
	};
	objectVersion = 46;
	objects = {

/* Begin PBXBuildFile section */
		2E0B300B1AAAD4A0002EA0EC /* opencv2.framework in Frameworks */ = {isa = PBXBuildFile; fileRef = 2E0B300A1AAAD4A0002EA0EC /* opencv2.framework */; };
		2E0B300E1AAAE4FA002EA0EC /* GameViewController.m in Sources */ = {isa = PBXBuildFile; fileRef = 2E0B300D1AAAE4FA002EA0EC /* GameViewController.m */; };
		2E0B30111AAAE5F4002EA0EC /* GameCollectionViewController.m in Sources */ = {isa = PBXBuildFile; fileRef = 2E0B30101AAAE5F4002EA0EC /* GameCollectionViewController.m */; };
		2E0B30191AAAF6E0002EA0EC /* CVCircles.mm in Sources */ = {isa = PBXBuildFile; fileRef = 2E0B30131AAAF6E0002EA0EC /* CVCircles.mm */; };
		2E0B301A1AAAF6E0002EA0EC /* CVWrapper.mm in Sources */ = {isa = PBXBuildFile; fileRef = 2E0B30161AAAF6E0002EA0EC /* CVWrapper.mm */; };
		2E0B301B1AAAF6E0002EA0EC /* UIImage+OpenCV.mm in Sources */ = {isa = PBXBuildFile; fileRef = 2E0B30181AAAF6E0002EA0EC /* UIImage+OpenCV.mm */; };
		2E0B30261AAB0376002EA0EC /* CheckerCircle.m in Sources */ = {isa = PBXBuildFile; fileRef = 2E0B30251AAB0375002EA0EC /* CheckerCircle.m */; };
		2E9871541AAB3E8000D4EE6F /* DetectedCheckerCircle.m in Sources */ = {isa = PBXBuildFile; fileRef = 2E9871531AAB3E8000D4EE6F /* DetectedCheckerCircle.m */; };
		3C23EAEF1AAAC1530090EFD0 /* UIImage+Blend.m in Sources */ = {isa = PBXBuildFile; fileRef = 3C23EAEB1AAAC1530090EFD0 /* UIImage+Blend.m */; };
		3C23EAF01AAAC1530090EFD0 /* UIImage+vImage.m in Sources */ = {isa = PBXBuildFile; fileRef = 3C23EAEE1AAAC1530090EFD0 /* UIImage+vImage.m */; };
		3C23EAF31AAAC1900090EFD0 /* CheckerBoard_dark.png in Resources */ = {isa = PBXBuildFile; fileRef = 3C23EAF11AAAC1900090EFD0 /* CheckerBoard_dark.png */; };
		3C23EAF41AAAC1900090EFD0 /* CheckerBoard_light.png in Resources */ = {isa = PBXBuildFile; fileRef = 3C23EAF21AAAC1900090EFD0 /* CheckerBoard_light.png */; };
		3C23EAFA1AAAC23A0090EFD0 /* Common.m in Sources */ = {isa = PBXBuildFile; fileRef = 3C23EAF91AAAC23A0090EFD0 /* Common.m */; };
		3C23EAFE1AAAC4470090EFD0 /* CaptureSessionManager.m in Sources */ = {isa = PBXBuildFile; fileRef = 3C23EAFD1AAAC4470090EFD0 /* CaptureSessionManager.m */; };
		3C23EB041AAAC5120090EFD0 /* Checker.m in Sources */ = {isa = PBXBuildFile; fileRef = 3C23EB031AAAC5120090EFD0 /* Checker.m */; };
		3C23EB071AAAC54B0090EFD0 /* GridView.m in Sources */ = {isa = PBXBuildFile; fileRef = 3C23EB061AAAC54B0090EFD0 /* GridView.m */; };
		3C23EB0A1AAAC5C00090EFD0 /* UIImage+ImageProcessing.m in Sources */ = {isa = PBXBuildFile; fileRef = 3C23EB091AAAC5C00090EFD0 /* UIImage+ImageProcessing.m */; };
		3CB204FA1AA9D43400429A05 /* main.m in Sources */ = {isa = PBXBuildFile; fileRef = 3CB204F91AA9D43400429A05 /* main.m */; };
		3CB204FD1AA9D43400429A05 /* AppDelegate.m in Sources */ = {isa = PBXBuildFile; fileRef = 3CB204FC1AA9D43400429A05 /* AppDelegate.m */; };
		3CB205001AA9D43400429A05 /* CaptureGameViewController.m in Sources */ = {isa = PBXBuildFile; fileRef = 3CB204FF1AA9D43400429A05 /* CaptureGameViewController.m */; };
		3CB205031AA9D43400429A05 /* Main.storyboard in Resources */ = {isa = PBXBuildFile; fileRef = 3CB205011AA9D43400429A05 /* Main.storyboard */; };
		3CB205051AA9D43400429A05 /* Images.xcassets in Resources */ = {isa = PBXBuildFile; fileRef = 3CB205041AA9D43400429A05 /* Images.xcassets */; };
		3CB205081AA9D43400429A05 /* LaunchScreen.xib in Resources */ = {isa = PBXBuildFile; fileRef = 3CB205061AA9D43400429A05 /* LaunchScreen.xib */; };
		3CB205141AA9D43400429A05 /* CheckersTests.m in Sources */ = {isa = PBXBuildFile; fileRef = 3CB205131AA9D43400429A05 /* CheckersTests.m */; };
/* End PBXBuildFile section */

/* Begin PBXContainerItemProxy section */
		3CB2050E1AA9D43400429A05 /* PBXContainerItemProxy */ = {
			isa = PBXContainerItemProxy;
			containerPortal = 3CB204EC1AA9D43400429A05 /* Project object */;
			proxyType = 1;
			remoteGlobalIDString = 3CB204F31AA9D43400429A05;
			remoteInfo = Checkers;
		};
/* End PBXContainerItemProxy section */

/* Begin PBXFileReference section */
		2E0B300A1AAAD4A0002EA0EC /* opencv2.framework */ = {isa = PBXFileReference; lastKnownFileType = wrapper.framework; path = opencv2.framework; sourceTree = "<group>"; };
		2E0B300C1AAAE4FA002EA0EC /* GameViewController.h */ = {isa = PBXFileReference; fileEncoding = 4; lastKnownFileType = sourcecode.c.h; path = GameViewController.h; sourceTree = "<group>"; };
		2E0B300D1AAAE4FA002EA0EC /* GameViewController.m */ = {isa = PBXFileReference; fileEncoding = 4; lastKnownFileType = sourcecode.c.objc; path = GameViewController.m; sourceTree = "<group>"; };
		2E0B300F1AAAE5F4002EA0EC /* GameCollectionViewController.h */ = {isa = PBXFileReference; fileEncoding = 4; lastKnownFileType = sourcecode.c.h; path = GameCollectionViewController.h; sourceTree = "<group>"; };
		2E0B30101AAAE5F4002EA0EC /* GameCollectionViewController.m */ = {isa = PBXFileReference; fileEncoding = 4; lastKnownFileType = sourcecode.c.objc; path = GameCollectionViewController.m; sourceTree = "<group>"; };
		2E0B30131AAAF6E0002EA0EC /* CVCircles.mm */ = {isa = PBXFileReference; fileEncoding = 4; lastKnownFileType = sourcecode.cpp.objcpp; path = CVCircles.mm; sourceTree = "<group>"; };
		2E0B30141AAAF6E0002EA0EC /* CVCircles.h */ = {isa = PBXFileReference; fileEncoding = 4; lastKnownFileType = sourcecode.c.h; path = CVCircles.h; sourceTree = "<group>"; };
		2E0B30151AAAF6E0002EA0EC /* CVWrapper.h */ = {isa = PBXFileReference; fileEncoding = 4; lastKnownFileType = sourcecode.c.h; path = CVWrapper.h; sourceTree = "<group>"; };
		2E0B30161AAAF6E0002EA0EC /* CVWrapper.mm */ = {isa = PBXFileReference; fileEncoding = 4; lastKnownFileType = sourcecode.cpp.objcpp; path = CVWrapper.mm; sourceTree = "<group>"; };
		2E0B30171AAAF6E0002EA0EC /* UIImage+OpenCV.h */ = {isa = PBXFileReference; fileEncoding = 4; lastKnownFileType = sourcecode.c.h; path = "UIImage+OpenCV.h"; sourceTree = "<group>"; };
		2E0B30181AAAF6E0002EA0EC /* UIImage+OpenCV.mm */ = {isa = PBXFileReference; fileEncoding = 4; lastKnownFileType = sourcecode.cpp.objcpp; path = "UIImage+OpenCV.mm"; sourceTree = "<group>"; };
		2E0B301D1AAAF783002EA0EC /* Checkers.pch */ = {isa = PBXFileReference; fileEncoding = 4; lastKnownFileType = sourcecode.c.h; path = Checkers.pch; sourceTree = "<group>"; };
		2E0B30241AAB0375002EA0EC /* CheckerCircle.h */ = {isa = PBXFileReference; fileEncoding = 4; lastKnownFileType = sourcecode.c.h; path = CheckerCircle.h; sourceTree = "<group>"; };
		2E0B30251AAB0375002EA0EC /* CheckerCircle.m */ = {isa = PBXFileReference; fileEncoding = 4; lastKnownFileType = sourcecode.c.objc; path = CheckerCircle.m; sourceTree = "<group>"; };
		2E9871521AAB3E8000D4EE6F /* DetectedCheckerCircle.h */ = {isa = PBXFileReference; fileEncoding = 4; lastKnownFileType = sourcecode.c.h; path = DetectedCheckerCircle.h; sourceTree = "<group>"; };
		2E9871531AAB3E8000D4EE6F /* DetectedCheckerCircle.m */ = {isa = PBXFileReference; fileEncoding = 4; lastKnownFileType = sourcecode.c.objc; path = DetectedCheckerCircle.m; sourceTree = "<group>"; };
		3C23EAEA1AAAC1530090EFD0 /* UIImage+Blend.h */ = {isa = PBXFileReference; fileEncoding = 4; lastKnownFileType = sourcecode.c.h; path = "UIImage+Blend.h"; sourceTree = "<group>"; };
		3C23EAEB1AAAC1530090EFD0 /* UIImage+Blend.m */ = {isa = PBXFileReference; fileEncoding = 4; lastKnownFileType = sourcecode.c.objc; path = "UIImage+Blend.m"; sourceTree = "<group>"; };
		3C23EAED1AAAC1530090EFD0 /* UIImage+vImage.h */ = {isa = PBXFileReference; fileEncoding = 4; lastKnownFileType = sourcecode.c.h; path = "UIImage+vImage.h"; sourceTree = "<group>"; };
		3C23EAEE1AAAC1530090EFD0 /* UIImage+vImage.m */ = {isa = PBXFileReference; fileEncoding = 4; lastKnownFileType = sourcecode.c.objc; path = "UIImage+vImage.m"; sourceTree = "<group>"; };
		3C23EAF11AAAC1900090EFD0 /* CheckerBoard_dark.png */ = {isa = PBXFileReference; lastKnownFileType = image.png; path = CheckerBoard_dark.png; sourceTree = "<group>"; };
		3C23EAF21AAAC1900090EFD0 /* CheckerBoard_light.png */ = {isa = PBXFileReference; lastKnownFileType = image.png; path = CheckerBoard_light.png; sourceTree = "<group>"; };
		3C23EAF81AAAC23A0090EFD0 /* Common.h */ = {isa = PBXFileReference; fileEncoding = 4; lastKnownFileType = sourcecode.c.h; path = Common.h; sourceTree = "<group>"; };
		3C23EAF91AAAC23A0090EFD0 /* Common.m */ = {isa = PBXFileReference; fileEncoding = 4; lastKnownFileType = sourcecode.c.objc; path = Common.m; sourceTree = "<group>"; };
		3C23EAFC1AAAC4470090EFD0 /* CaptureSessionManager.h */ = {isa = PBXFileReference; fileEncoding = 4; lastKnownFileType = sourcecode.c.h; path = CaptureSessionManager.h; sourceTree = "<group>"; };
		3C23EAFD1AAAC4470090EFD0 /* CaptureSessionManager.m */ = {isa = PBXFileReference; fileEncoding = 4; lastKnownFileType = sourcecode.c.objc; path = CaptureSessionManager.m; sourceTree = "<group>"; };
		3C23EB021AAAC5120090EFD0 /* Checker.h */ = {isa = PBXFileReference; fileEncoding = 4; lastKnownFileType = sourcecode.c.h; path = Checker.h; sourceTree = "<group>"; };
		3C23EB031AAAC5120090EFD0 /* Checker.m */ = {isa = PBXFileReference; fileEncoding = 4; lastKnownFileType = sourcecode.c.objc; path = Checker.m; sourceTree = "<group>"; };
		3C23EB051AAAC54B0090EFD0 /* GridView.h */ = {isa = PBXFileReference; fileEncoding = 4; lastKnownFileType = sourcecode.c.h; path = GridView.h; sourceTree = "<group>"; };
		3C23EB061AAAC54B0090EFD0 /* GridView.m */ = {isa = PBXFileReference; fileEncoding = 4; lastKnownFileType = sourcecode.c.objc; path = GridView.m; sourceTree = "<group>"; };
		3C23EB081AAAC5C00090EFD0 /* UIImage+ImageProcessing.h */ = {isa = PBXFileReference; fileEncoding = 4; lastKnownFileType = sourcecode.c.h; path = "UIImage+ImageProcessing.h"; sourceTree = "<group>"; };
		3C23EB091AAAC5C00090EFD0 /* UIImage+ImageProcessing.m */ = {isa = PBXFileReference; fileEncoding = 4; lastKnownFileType = sourcecode.c.objc; path = "UIImage+ImageProcessing.m"; sourceTree = "<group>"; };
		3CB204F41AA9D43400429A05 /* Checkers.app */ = {isa = PBXFileReference; explicitFileType = wrapper.application; includeInIndex = 0; path = Checkers.app; sourceTree = BUILT_PRODUCTS_DIR; };
		3CB204F81AA9D43400429A05 /* Info.plist */ = {isa = PBXFileReference; lastKnownFileType = text.plist.xml; path = Info.plist; sourceTree = "<group>"; };
		3CB204F91AA9D43400429A05 /* main.m */ = {isa = PBXFileReference; lastKnownFileType = sourcecode.c.objc; path = main.m; sourceTree = "<group>"; };
		3CB204FB1AA9D43400429A05 /* AppDelegate.h */ = {isa = PBXFileReference; lastKnownFileType = sourcecode.c.h; path = AppDelegate.h; sourceTree = "<group>"; };
		3CB204FC1AA9D43400429A05 /* AppDelegate.m */ = {isa = PBXFileReference; lastKnownFileType = sourcecode.c.objc; path = AppDelegate.m; sourceTree = "<group>"; };
		3CB204FE1AA9D43400429A05 /* CaptureGameViewController.h */ = {isa = PBXFileReference; lastKnownFileType = sourcecode.c.h; path = CaptureGameViewController.h; sourceTree = "<group>"; };
		3CB204FF1AA9D43400429A05 /* CaptureGameViewController.m */ = {isa = PBXFileReference; lastKnownFileType = sourcecode.c.objc; path = CaptureGameViewController.m; sourceTree = "<group>"; };
		3CB205021AA9D43400429A05 /* Base */ = {isa = PBXFileReference; lastKnownFileType = file.storyboard; name = Base; path = Base.lproj/Main.storyboard; sourceTree = "<group>"; };
		3CB205041AA9D43400429A05 /* Images.xcassets */ = {isa = PBXFileReference; lastKnownFileType = folder.assetcatalog; path = Images.xcassets; sourceTree = "<group>"; };
		3CB205071AA9D43400429A05 /* Base */ = {isa = PBXFileReference; lastKnownFileType = file.xib; name = Base; path = Base.lproj/LaunchScreen.xib; sourceTree = "<group>"; };
		3CB2050D1AA9D43400429A05 /* CheckersTests.xctest */ = {isa = PBXFileReference; explicitFileType = wrapper.cfbundle; includeInIndex = 0; path = CheckersTests.xctest; sourceTree = BUILT_PRODUCTS_DIR; };
		3CB205121AA9D43400429A05 /* Info.plist */ = {isa = PBXFileReference; lastKnownFileType = text.plist.xml; path = Info.plist; sourceTree = "<group>"; };
		3CB205131AA9D43400429A05 /* CheckersTests.m */ = {isa = PBXFileReference; lastKnownFileType = sourcecode.c.objc; path = CheckersTests.m; sourceTree = "<group>"; };
/* End PBXFileReference section */

/* Begin PBXFrameworksBuildPhase section */
		3CB204F11AA9D43400429A05 /* Frameworks */ = {
			isa = PBXFrameworksBuildPhase;
			buildActionMask = 2147483647;
			files = (
				2E0B300B1AAAD4A0002EA0EC /* opencv2.framework in Frameworks */,
			);
			runOnlyForDeploymentPostprocessing = 0;
		};
		3CB2050A1AA9D43400429A05 /* Frameworks */ = {
			isa = PBXFrameworksBuildPhase;
			buildActionMask = 2147483647;
			files = (
			);
			runOnlyForDeploymentPostprocessing = 0;
		};
/* End PBXFrameworksBuildPhase section */

/* Begin PBXGroup section */
		2E0B30121AAAF6E0002EA0EC /* cpp */ = {
			isa = PBXGroup;
			children = (
				2E0B30131AAAF6E0002EA0EC /* CVCircles.mm */,
				2E0B30141AAAF6E0002EA0EC /* CVCircles.h */,
				2E0B30151AAAF6E0002EA0EC /* CVWrapper.h */,
				2E0B30161AAAF6E0002EA0EC /* CVWrapper.mm */,
				2E0B30171AAAF6E0002EA0EC /* UIImage+OpenCV.h */,
				2E0B30181AAAF6E0002EA0EC /* UIImage+OpenCV.mm */,
			);
			path = cpp;
			sourceTree = "<group>";
		};
		3C23EAE81AAAC1530090EFD0 /* Library-Image processing */ = {
			isa = PBXGroup;
			children = (
				2E0B30121AAAF6E0002EA0EC /* cpp */,
				2E0B300A1AAAD4A0002EA0EC /* opencv2.framework */,
				3C23EAE91AAAC1530090EFD0 /* UIImage+blend */,
				3C23EAEC1AAAC1530090EFD0 /* UIImage+vImage */,
				3C23EB081AAAC5C00090EFD0 /* UIImage+ImageProcessing.h */,
				3C23EB091AAAC5C00090EFD0 /* UIImage+ImageProcessing.m */,
			);
			name = "Library-Image processing";
			path = libs;
			sourceTree = "<group>";
		};
		3C23EAE91AAAC1530090EFD0 /* UIImage+blend */ = {
			isa = PBXGroup;
			children = (
				3C23EAEA1AAAC1530090EFD0 /* UIImage+Blend.h */,
				3C23EAEB1AAAC1530090EFD0 /* UIImage+Blend.m */,
			);
			path = "UIImage+blend";
			sourceTree = "<group>";
		};
		3C23EAEC1AAAC1530090EFD0 /* UIImage+vImage */ = {
			isa = PBXGroup;
			children = (
				3C23EAED1AAAC1530090EFD0 /* UIImage+vImage.h */,
				3C23EAEE1AAAC1530090EFD0 /* UIImage+vImage.m */,
			);
			path = "UIImage+vImage";
			sourceTree = "<group>";
		};
		3C23EAF51AAAC19B0090EFD0 /* Assets */ = {
			isa = PBXGroup;
			children = (
				3C23EAF11AAAC1900090EFD0 /* CheckerBoard_dark.png */,
				3C23EAF21AAAC1900090EFD0 /* CheckerBoard_light.png */,
			);
			name = Assets;
			sourceTree = "<group>";
		};
		3C23EAF61AAAC1DA0090EFD0 /* Custom Views */ = {
			isa = PBXGroup;
			children = (
				3C23EB051AAAC54B0090EFD0 /* GridView.h */,
				3C23EB061AAAC54B0090EFD0 /* GridView.m */,
			);
			name = "Custom Views";
			sourceTree = "<group>";
		};
		3C23EAF71AAAC2090090EFD0 /* Utility */ = {
			isa = PBXGroup;
			children = (
				3C23EAF81AAAC23A0090EFD0 /* Common.h */,
				3C23EAF91AAAC23A0090EFD0 /* Common.m */,
			);
			name = Utility;
			sourceTree = "<group>";
		};
		3C23EAFB1AAAC4340090EFD0 /* Managers */ = {
			isa = PBXGroup;
			children = (
				3C23EAFC1AAAC4470090EFD0 /* CaptureSessionManager.h */,
				3C23EAFD1AAAC4470090EFD0 /* CaptureSessionManager.m */,
			);
			name = Managers;
			sourceTree = "<group>";
		};
		3C23EAFF1AAAC48B0090EFD0 /* ViewControllers */ = {
			isa = PBXGroup;
			children = (
				2E0B300C1AAAE4FA002EA0EC /* GameViewController.h */,
				2E0B300D1AAAE4FA002EA0EC /* GameViewController.m */,
				3CB204FE1AA9D43400429A05 /* CaptureGameViewController.h */,
				3CB204FF1AA9D43400429A05 /* CaptureGameViewController.m */,
				2E0B300F1AAAE5F4002EA0EC /* GameCollectionViewController.h */,
				2E0B30101AAAE5F4002EA0EC /* GameCollectionViewController.m */,
			);
			name = ViewControllers;
			sourceTree = "<group>";
		};
		3C23EB001AAAC4A70090EFD0 /* UI */ = {
			isa = PBXGroup;
			children = (
				3CB205011AA9D43400429A05 /* Main.storyboard */,
				3CB205061AA9D43400429A05 /* LaunchScreen.xib */,
			);
			name = UI;
			sourceTree = "<group>";
		};
		3C23EB011AAAC4FD0090EFD0 /* Helper Classes */ = {
			isa = PBXGroup;
			children = (
				3C23EB021AAAC5120090EFD0 /* Checker.h */,
				3C23EB031AAAC5120090EFD0 /* Checker.m */,
				2E0B30241AAB0375002EA0EC /* CheckerCircle.h */,
				2E0B30251AAB0375002EA0EC /* CheckerCircle.m */,
				2E9871521AAB3E8000D4EE6F /* DetectedCheckerCircle.h */,
				2E9871531AAB3E8000D4EE6F /* DetectedCheckerCircle.m */,
			);
			name = "Helper Classes";
			sourceTree = "<group>";
		};
		3CB204EB1AA9D43400429A05 = {
			isa = PBXGroup;
			children = (
				3CB204F61AA9D43400429A05 /* Checkers */,
				3CB205101AA9D43400429A05 /* CheckersTests */,
				3CB204F51AA9D43400429A05 /* Products */,
			);
			sourceTree = "<group>";
		};
		3CB204F51AA9D43400429A05 /* Products */ = {
			isa = PBXGroup;
			children = (
				3CB204F41AA9D43400429A05 /* Checkers.app */,
				3CB2050D1AA9D43400429A05 /* CheckersTests.xctest */,
			);
			name = Products;
			sourceTree = "<group>";
		};
		3CB204F61AA9D43400429A05 /* Checkers */ = {
			isa = PBXGroup;
			children = (
				3C23EB011AAAC4FD0090EFD0 /* Helper Classes */,
				3C23EB001AAAC4A70090EFD0 /* UI */,
				3C23EAFF1AAAC48B0090EFD0 /* ViewControllers */,
				3C23EAFB1AAAC4340090EFD0 /* Managers */,
				3C23EAF71AAAC2090090EFD0 /* Utility */,
				3C23EAF61AAAC1DA0090EFD0 /* Custom Views */,
				3C23EAF51AAAC19B0090EFD0 /* Assets */,
				3C23EAE81AAAC1530090EFD0 /* Library-Image processing */,
				3CB204FB1AA9D43400429A05 /* AppDelegate.h */,
				3CB204FC1AA9D43400429A05 /* AppDelegate.m */,
				3CB205041AA9D43400429A05 /* Images.xcassets */,
				3CB204F71AA9D43400429A05 /* Supporting Files */,
			);
			path = Checkers;
			sourceTree = "<group>";
		};
		3CB204F71AA9D43400429A05 /* Supporting Files */ = {
			isa = PBXGroup;
			children = (
				2E0B301D1AAAF783002EA0EC /* Checkers.pch */,
				3CB204F81AA9D43400429A05 /* Info.plist */,
				3CB204F91AA9D43400429A05 /* main.m */,
			);
			name = "Supporting Files";
			sourceTree = "<group>";
		};
		3CB205101AA9D43400429A05 /* CheckersTests */ = {
			isa = PBXGroup;
			children = (
				3CB205131AA9D43400429A05 /* CheckersTests.m */,
				3CB205111AA9D43400429A05 /* Supporting Files */,
			);
			path = CheckersTests;
			sourceTree = "<group>";
		};
		3CB205111AA9D43400429A05 /* Supporting Files */ = {
			isa = PBXGroup;
			children = (
				3CB205121AA9D43400429A05 /* Info.plist */,
			);
			name = "Supporting Files";
			sourceTree = "<group>";
		};
/* End PBXGroup section */

/* Begin PBXNativeTarget section */
		3CB204F31AA9D43400429A05 /* Checkers */ = {
			isa = PBXNativeTarget;
			buildConfigurationList = 3CB205171AA9D43400429A05 /* Build configuration list for PBXNativeTarget "Checkers" */;
			buildPhases = (
				3CB204F01AA9D43400429A05 /* Sources */,
				3CB204F11AA9D43400429A05 /* Frameworks */,
				3CB204F21AA9D43400429A05 /* Resources */,
			);
			buildRules = (
			);
			dependencies = (
			);
			name = Checkers;
			productName = Checkers;
			productReference = 3CB204F41AA9D43400429A05 /* Checkers.app */;
			productType = "com.apple.product-type.application";
		};
		3CB2050C1AA9D43400429A05 /* CheckersTests */ = {
			isa = PBXNativeTarget;
			buildConfigurationList = 3CB2051A1AA9D43400429A05 /* Build configuration list for PBXNativeTarget "CheckersTests" */;
			buildPhases = (
				3CB205091AA9D43400429A05 /* Sources */,
				3CB2050A1AA9D43400429A05 /* Frameworks */,
				3CB2050B1AA9D43400429A05 /* Resources */,
			);
			buildRules = (
			);
			dependencies = (
				3CB2050F1AA9D43400429A05 /* PBXTargetDependency */,
			);
			name = CheckersTests;
			productName = CheckersTests;
			productReference = 3CB2050D1AA9D43400429A05 /* CheckersTests.xctest */;
			productType = "com.apple.product-type.bundle.unit-test";
		};
/* End PBXNativeTarget section */

/* Begin PBXProject section */
		3CB204EC1AA9D43400429A05 /* Project object */ = {
			isa = PBXProject;
			attributes = {
				LastUpgradeCheck = 0610;
				ORGANIZATIONNAME = VP;
				TargetAttributes = {
					3CB204F31AA9D43400429A05 = {
						CreatedOnToolsVersion = 6.1;
					};
					3CB2050C1AA9D43400429A05 = {
						CreatedOnToolsVersion = 6.1;
						TestTargetID = 3CB204F31AA9D43400429A05;
					};
				};
			};
			buildConfigurationList = 3CB204EF1AA9D43400429A05 /* Build configuration list for PBXProject "Checkers" */;
			compatibilityVersion = "Xcode 3.2";
			developmentRegion = English;
			hasScannedForEncodings = 0;
			knownRegions = (
				en,
				Base,
			);
			mainGroup = 3CB204EB1AA9D43400429A05;
			productRefGroup = 3CB204F51AA9D43400429A05 /* Products */;
			projectDirPath = "";
			projectRoot = "";
			targets = (
				3CB204F31AA9D43400429A05 /* Checkers */,
				3CB2050C1AA9D43400429A05 /* CheckersTests */,
			);
		};
/* End PBXProject section */

/* Begin PBXResourcesBuildPhase section */
		3CB204F21AA9D43400429A05 /* Resources */ = {
			isa = PBXResourcesBuildPhase;
			buildActionMask = 2147483647;
			files = (
				3CB205031AA9D43400429A05 /* Main.storyboard in Resources */,
				3CB205081AA9D43400429A05 /* LaunchScreen.xib in Resources */,
				3C23EAF31AAAC1900090EFD0 /* CheckerBoard_dark.png in Resources */,
				3C23EAF41AAAC1900090EFD0 /* CheckerBoard_light.png in Resources */,
				3CB205051AA9D43400429A05 /* Images.xcassets in Resources */,
			);
			runOnlyForDeploymentPostprocessing = 0;
		};
		3CB2050B1AA9D43400429A05 /* Resources */ = {
			isa = PBXResourcesBuildPhase;
			buildActionMask = 2147483647;
			files = (
			);
			runOnlyForDeploymentPostprocessing = 0;
		};
/* End PBXResourcesBuildPhase section */

/* Begin PBXSourcesBuildPhase section */
		3CB204F01AA9D43400429A05 /* Sources */ = {
			isa = PBXSourcesBuildPhase;
			buildActionMask = 2147483647;
			files = (
				3C23EAFA1AAAC23A0090EFD0 /* Common.m in Sources */,
				2E0B30261AAB0376002EA0EC /* CheckerCircle.m in Sources */,
				2E0B300E1AAAE4FA002EA0EC /* GameViewController.m in Sources */,
				2E0B301A1AAAF6E0002EA0EC /* CVWrapper.mm in Sources */,
				3C23EB041AAAC5120090EFD0 /* Checker.m in Sources */,
				2E0B301B1AAAF6E0002EA0EC /* UIImage+OpenCV.mm in Sources */,
				3C23EB0A1AAAC5C00090EFD0 /* UIImage+ImageProcessing.m in Sources */,
				3CB205001AA9D43400429A05 /* CaptureGameViewController.m in Sources */,
				3CB204FD1AA9D43400429A05 /* AppDelegate.m in Sources */,
				2E0B30111AAAE5F4002EA0EC /* GameCollectionViewController.m in Sources */,
				3C23EB071AAAC54B0090EFD0 /* GridView.m in Sources */,
				3CB204FA1AA9D43400429A05 /* main.m in Sources */,
				3C23EAEF1AAAC1530090EFD0 /* UIImage+Blend.m in Sources */,
				2E0B30191AAAF6E0002EA0EC /* CVCircles.mm in Sources */,
				3C23EAF01AAAC1530090EFD0 /* UIImage+vImage.m in Sources */,
				2E9871541AAB3E8000D4EE6F /* DetectedCheckerCircle.m in Sources */,
				3C23EAFE1AAAC4470090EFD0 /* CaptureSessionManager.m in Sources */,
			);
			runOnlyForDeploymentPostprocessing = 0;
		};
		3CB205091AA9D43400429A05 /* Sources */ = {
			isa = PBXSourcesBuildPhase;
			buildActionMask = 2147483647;
			files = (
				3CB205141AA9D43400429A05 /* CheckersTests.m in Sources */,
			);
			runOnlyForDeploymentPostprocessing = 0;
		};
/* End PBXSourcesBuildPhase section */

/* Begin PBXTargetDependency section */
		3CB2050F1AA9D43400429A05 /* PBXTargetDependency */ = {
			isa = PBXTargetDependency;
			target = 3CB204F31AA9D43400429A05 /* Checkers */;
			targetProxy = 3CB2050E1AA9D43400429A05 /* PBXContainerItemProxy */;
		};
/* End PBXTargetDependency section */

/* Begin PBXVariantGroup section */
		3CB205011AA9D43400429A05 /* Main.storyboard */ = {
			isa = PBXVariantGroup;
			children = (
				3CB205021AA9D43400429A05 /* Base */,
			);
			name = Main.storyboard;
			sourceTree = "<group>";
		};
		3CB205061AA9D43400429A05 /* LaunchScreen.xib */ = {
			isa = PBXVariantGroup;
			children = (
				3CB205071AA9D43400429A05 /* Base */,
			);
			name = LaunchScreen.xib;
			sourceTree = "<group>";
		};
/* End PBXVariantGroup section */

/* Begin XCBuildConfiguration section */
		3CB205151AA9D43400429A05 /* Debug */ = {
			isa = XCBuildConfiguration;
			buildSettings = {
				ALWAYS_SEARCH_USER_PATHS = NO;
				CLANG_CXX_LANGUAGE_STANDARD = "gnu++0x";
				CLANG_CXX_LIBRARY = "libc++";
				CLANG_ENABLE_MODULES = YES;
				CLANG_ENABLE_OBJC_ARC = YES;
				CLANG_WARN_BOOL_CONVERSION = YES;
				CLANG_WARN_CONSTANT_CONVERSION = YES;
				CLANG_WARN_DIRECT_OBJC_ISA_USAGE = YES_ERROR;
				CLANG_WARN_EMPTY_BODY = YES;
				CLANG_WARN_ENUM_CONVERSION = YES;
				CLANG_WARN_INT_CONVERSION = YES;
				CLANG_WARN_OBJC_ROOT_CLASS = YES_ERROR;
				CLANG_WARN_UNREACHABLE_CODE = YES;
				CLANG_WARN__DUPLICATE_METHOD_MATCH = YES;
				"CODE_SIGN_IDENTITY[sdk=iphoneos*]" = "iPhone Developer";
				COPY_PHASE_STRIP = NO;
				ENABLE_STRICT_OBJC_MSGSEND = YES;
				GCC_C_LANGUAGE_STANDARD = gnu99;
				GCC_DYNAMIC_NO_PIC = NO;
				GCC_OPTIMIZATION_LEVEL = 0;
				GCC_PREPROCESSOR_DEFINITIONS = (
					"DEBUG=1",
					"$(inherited)",
				);
				GCC_SYMBOLS_PRIVATE_EXTERN = NO;
				GCC_WARN_64_TO_32_BIT_CONVERSION = YES;
				GCC_WARN_ABOUT_RETURN_TYPE = YES_ERROR;
				GCC_WARN_UNDECLARED_SELECTOR = YES;
				GCC_WARN_UNINITIALIZED_AUTOS = YES_AGGRESSIVE;
				GCC_WARN_UNUSED_FUNCTION = YES;
				GCC_WARN_UNUSED_VARIABLE = YES;
				IPHONEOS_DEPLOYMENT_TARGET = 8.1;
				MTL_ENABLE_DEBUG_INFO = YES;
				ONLY_ACTIVE_ARCH = YES;
				SDKROOT = iphoneos;
				TARGETED_DEVICE_FAMILY = 2;
			};
			name = Debug;
		};
		3CB205161AA9D43400429A05 /* Release */ = {
			isa = XCBuildConfiguration;
			buildSettings = {
				ALWAYS_SEARCH_USER_PATHS = NO;
				CLANG_CXX_LANGUAGE_STANDARD = "gnu++0x";
				CLANG_CXX_LIBRARY = "libc++";
				CLANG_ENABLE_MODULES = YES;
				CLANG_ENABLE_OBJC_ARC = YES;
				CLANG_WARN_BOOL_CONVERSION = YES;
				CLANG_WARN_CONSTANT_CONVERSION = YES;
				CLANG_WARN_DIRECT_OBJC_ISA_USAGE = YES_ERROR;
				CLANG_WARN_EMPTY_BODY = YES;
				CLANG_WARN_ENUM_CONVERSION = YES;
				CLANG_WARN_INT_CONVERSION = YES;
				CLANG_WARN_OBJC_ROOT_CLASS = YES_ERROR;
				CLANG_WARN_UNREACHABLE_CODE = YES;
				CLANG_WARN__DUPLICATE_METHOD_MATCH = YES;
				"CODE_SIGN_IDENTITY[sdk=iphoneos*]" = "iPhone Developer";
				COPY_PHASE_STRIP = YES;
				ENABLE_NS_ASSERTIONS = NO;
				ENABLE_STRICT_OBJC_MSGSEND = YES;
				GCC_C_LANGUAGE_STANDARD = gnu99;
				GCC_WARN_64_TO_32_BIT_CONVERSION = YES;
				GCC_WARN_ABOUT_RETURN_TYPE = YES_ERROR;
				GCC_WARN_UNDECLARED_SELECTOR = YES;
				GCC_WARN_UNINITIALIZED_AUTOS = YES_AGGRESSIVE;
				GCC_WARN_UNUSED_FUNCTION = YES;
				GCC_WARN_UNUSED_VARIABLE = YES;
				IPHONEOS_DEPLOYMENT_TARGET = 8.1;
				MTL_ENABLE_DEBUG_INFO = NO;
				SDKROOT = iphoneos;
				TARGETED_DEVICE_FAMILY = 2;
				VALIDATE_PRODUCT = YES;
			};
			name = Release;
		};
		3CB205181AA9D43400429A05 /* Debug */ = {
			isa = XCBuildConfiguration;
			buildSettings = {
				ASSETCATALOG_COMPILER_APPICON_NAME = AppIcon;
				FRAMEWORK_SEARCH_PATHS = (
					"$(inherited)",
					"$(PROJECT_DIR)/Checkers/libs",
				);
				GCC_PREFIX_HEADER = Checkers/Checkers.pch;
				INFOPLIST_FILE = Checkers/Info.plist;
				LD_RUNPATH_SEARCH_PATHS = "$(inherited) @executable_path/Frameworks";
				PRODUCT_NAME = "$(TARGET_NAME)";
			};
			name = Debug;
		};
		3CB205191AA9D43400429A05 /* Release */ = {
			isa = XCBuildConfiguration;
			buildSettings = {
				ASSETCATALOG_COMPILER_APPICON_NAME = AppIcon;
				FRAMEWORK_SEARCH_PATHS = (
					"$(inherited)",
					"$(PROJECT_DIR)/Checkers/libs",
				);
				GCC_PREFIX_HEADER = Checkers/Checkers.pch;
				INFOPLIST_FILE = Checkers/Info.plist;
				LD_RUNPATH_SEARCH_PATHS = "$(inherited) @executable_path/Frameworks";
				PRODUCT_NAME = "$(TARGET_NAME)";
			};
			name = Release;
		};
		3CB2051B1AA9D43400429A05 /* Debug */ = {
			isa = XCBuildConfiguration;
			buildSettings = {
				BUNDLE_LOADER = "$(TEST_HOST)";
				FRAMEWORK_SEARCH_PATHS = (
					"$(SDKROOT)/Developer/Library/Frameworks",
					"$(inherited)",
				);
				GCC_PREPROCESSOR_DEFINITIONS = (
					"DEBUG=1",
					"$(inherited)",
				);
				INFOPLIST_FILE = CheckersTests/Info.plist;
				LD_RUNPATH_SEARCH_PATHS = "$(inherited) @executable_path/Frameworks @loader_path/Frameworks";
				PRODUCT_NAME = "$(TARGET_NAME)";
				TEST_HOST = "$(BUILT_PRODUCTS_DIR)/Checkers.app/Checkers";
			};
			name = Debug;
		};
		3CB2051C1AA9D43400429A05 /* Release */ = {
			isa = XCBuildConfiguration;
			buildSettings = {
				BUNDLE_LOADER = "$(TEST_HOST)";
				FRAMEWORK_SEARCH_PATHS = (
					"$(SDKROOT)/Developer/Library/Frameworks",
					"$(inherited)",
				);
				INFOPLIST_FILE = CheckersTests/Info.plist;
				LD_RUNPATH_SEARCH_PATHS = "$(inherited) @executable_path/Frameworks @loader_path/Frameworks";
				PRODUCT_NAME = "$(TARGET_NAME)";
				TEST_HOST = "$(BUILT_PRODUCTS_DIR)/Checkers.app/Checkers";
			};
			name = Release;
		};
/* End XCBuildConfiguration section */

/* Begin XCConfigurationList section */
		3CB204EF1AA9D43400429A05 /* Build configuration list for PBXProject "Checkers" */ = {
			isa = XCConfigurationList;
			buildConfigurations = (
				3CB205151AA9D43400429A05 /* Debug */,
				3CB205161AA9D43400429A05 /* Release */,
			);
			defaultConfigurationIsVisible = 0;
			defaultConfigurationName = Release;
		};
		3CB205171AA9D43400429A05 /* Build configuration list for PBXNativeTarget "Checkers" */ = {
			isa = XCConfigurationList;
			buildConfigurations = (
				3CB205181AA9D43400429A05 /* Debug */,
				3CB205191AA9D43400429A05 /* Release */,
			);
			defaultConfigurationIsVisible = 0;
			defaultConfigurationName = Release;
		};
		3CB2051A1AA9D43400429A05 /* Build configuration list for PBXNativeTarget "CheckersTests" */ = {
			isa = XCConfigurationList;
			buildConfigurations = (
				3CB2051B1AA9D43400429A05 /* Debug */,
				3CB2051C1AA9D43400429A05 /* Release */,
			);
			defaultConfigurationIsVisible = 0;
			defaultConfigurationName = Release;
		};
/* End XCConfigurationList section */
	};
	rootObject = 3CB204EC1AA9D43400429A05 /* Project object */;
}
